
Microsoft Visual Studio Solution File, Format Version 12.00
# Visual Studio Version 16
VisualStudioVersion = 16.0.31702.278
MinimumVisualStudioVersion = 10.0.40219.1
Project("{FAE04EC0-301F-11D3-BF4B-00C04F79EFBC}") = "TurismoRealWeb", "TurismoRealWeb\TurismoRealWeb.csproj", "{37B96C3E-FEBA-4172-BF8B-F84E88248B45}"
EndProject
Global
	GlobalSection(SolutionConfigurationPlatforms) = preSolution
		Debug|Any CPU = Debug|Any CPU
		Release|Any CPU = Release|Any CPU
	EndGlobalSection
	GlobalSection(ProjectConfigurationPlatforms) = postSolution
		{37B96C3E-FEBA-4172-BF8B-F84E88248B45}.Debug|Any CPU.ActiveCfg = Debug|Any CPU
		{37B96C3E-FEBA-4172-BF8B-F84E88248B45}.Debug|Any CPU.Build.0 = Debug|Any CPU
		{37B96C3E-FEBA-4172-BF8B-F84E88248B45}.Release|Any CPU.ActiveCfg = Release|Any CPU
		{37B96C3E-FEBA-4172-BF8B-F84E88248B45}.Release|Any CPU.Build.0 = Release|Any CPU
	EndGlobalSection
	GlobalSection(SolutionProperties) = preSolution
		HideSolutionNode = FALSE
	EndGlobalSection
	GlobalSection(ExtensibilityGlobals) = postSolution
		SolutionGuid = {2A3B9D94-2B40-48CD-BF0F-5E0164765F96}
	EndGlobalSection
EndGlobal
